
Microsoft Visual Studio Solution File, Format Version 12.00
# Visual Studio 15
VisualStudioVersion = 15.0.28307.2092
MinimumVisualStudioVersion = 10.0.40219.1
Project("{FAE04EC0-301F-11D3-BF4B-00C04F79EFBC}") = "AdventOfCode_2016", "AdventOfCode_2016.csproj", "{4A03B34B-78D7-4D83-A6A5-76694C92A711}"
EndProject
Global
	GlobalSection(SolutionConfigurationPlatforms) = preSolution
		Debug|Any CPU = Debug|Any CPU
		Release|Any CPU = Release|Any CPU
	EndGlobalSection
	GlobalSection(ProjectConfigurationPlatforms) = postSolution
		{4A03B34B-78D7-4D83-A6A5-76694C92A711}.Debug|Any CPU.ActiveCfg = Debug|Any CPU
		{4A03B34B-78D7-4D83-A6A5-76694C92A711}.Debug|Any CPU.Build.0 = Debug|Any CPU
		{4A03B34B-78D7-4D83-A6A5-76694C92A711}.Release|Any CPU.ActiveCfg = Release|Any CPU
		{4A03B34B-78D7-4D83-A6A5-76694C92A711}.Release|Any CPU.Build.0 = Release|Any CPU
	EndGlobalSection
	GlobalSection(SolutionProperties) = preSolution
		HideSolutionNode = FALSE
	EndGlobalSection
	GlobalSection(ExtensibilityGlobals) = postSolution
		SolutionGuid = {FA85DAB9-C5EC-4D62-8C30-CF89CA6783F7}
	EndGlobalSection
EndGlobal
